
Microsoft Visual Studio Solution File, Format Version 10.00
# Visual Studio 2008
Project("{FAE04EC0-301F-11D3-BF4B-00C04F79EFBC}") = "AccountFormsCtrlLib", "AccountFormsCtrlLib\AccountFormsCtrlLib.csproj", "{325CF69C-B29D-482A-B02D-5A56EE251C5A}"
EndProject
Project("{FAE04EC0-301F-11D3-BF4B-00C04F79EFBC}") = "myTestListView", "myTestListView\myTestListView.csproj", "{E62AC879-6034-4411-A291-13BBBC1A2CFC}"
	ProjectSection(ProjectDependencies) = postProject
		{325CF69C-B29D-482A-B02D-5A56EE251C5A} = {325CF69C-B29D-482A-B02D-5A56EE251C5A}
	EndProjectSection
EndProject
Global
	GlobalSection(SolutionConfigurationPlatforms) = preSolution
		Debug|Any CPU = Debug|Any CPU
		Release|Any CPU = Release|Any CPU
	EndGlobalSection
	GlobalSection(ProjectConfigurationPlatforms) = postSolution
		{325CF69C-B29D-482A-B02D-5A56EE251C5A}.Debug|Any CPU.ActiveCfg = Debug|Any CPU
		{325CF69C-B29D-482A-B02D-5A56EE251C5A}.Debug|Any CPU.Build.0 = Debug|Any CPU
		{325CF69C-B29D-482A-B02D-5A56EE251C5A}.Release|Any CPU.ActiveCfg = Release|Any CPU
		{325CF69C-B29D-482A-B02D-5A56EE251C5A}.Release|Any CPU.Build.0 = Release|Any CPU
		{E62AC879-6034-4411-A291-13BBBC1A2CFC}.Debug|Any CPU.ActiveCfg = Debug|Any CPU
		{E62AC879-6034-4411-A291-13BBBC1A2CFC}.Debug|Any CPU.Build.0 = Debug|Any CPU
		{E62AC879-6034-4411-A291-13BBBC1A2CFC}.Release|Any CPU.ActiveCfg = Release|Any CPU
		{E62AC879-6034-4411-A291-13BBBC1A2CFC}.Release|Any CPU.Build.0 = Release|Any CPU
	EndGlobalSection
	GlobalSection(SolutionProperties) = preSolution
		HideSolutionNode = FALSE
	EndGlobalSection
EndGlobal
